
Microsoft Visual Studio Solution File, Format Version 12.00
# Visual Studio Version 17
VisualStudioVersion = 17.3.32901.215
MinimumVisualStudioVersion = 10.0.40219.1
Project("{FAE04EC0-301F-11D3-BF4B-00C04F79EFBC}") = "GameTests", "GameTests\GameTests.csproj", "{4E4BE1C2-882F-4CD6-BA6A-1CE177CEC148}"
EndProject
Global
	GlobalSection(SolutionConfigurationPlatforms) = preSolution
		Debug|Any CPU = Debug|Any CPU
		Release|Any CPU = Release|Any CPU
	EndGlobalSection
	GlobalSection(ProjectConfigurationPlatforms) = postSolution
		{4E4BE1C2-882F-4CD6-BA6A-1CE177CEC148}.Debug|Any CPU.ActiveCfg = Debug|Any CPU
		{4E4BE1C2-882F-4CD6-BA6A-1CE177CEC148}.Debug|Any CPU.Build.0 = Debug|Any CPU
		{4E4BE1C2-882F-4CD6-BA6A-1CE177CEC148}.Release|Any CPU.ActiveCfg = Release|Any CPU
		{4E4BE1C2-882F-4CD6-BA6A-1CE177CEC148}.Release|Any CPU.Build.0 = Release|Any CPU
	EndGlobalSection
	GlobalSection(SolutionProperties) = preSolution
		HideSolutionNode = FALSE
	EndGlobalSection
	GlobalSection(ExtensibilityGlobals) = postSolution
		SolutionGuid = {320E9A5A-BD6B-49E2-B6AF-9740A9C59C61}
	EndGlobalSection
EndGlobal
